
Microsoft Visual Studio Solution File, Format Version 12.00
# Visual Studio Version 17
VisualStudioVersion = 17.12.35527.113 d17.12
MinimumVisualStudioVersion = 10.0.40219.1
Project("{FAE04EC0-301F-11D3-BF4B-00C04F79EFBC}") = "ASPNET_03", "ASPNET_03.csproj", "{1858F976-7207-4373-97A9-9327E4F81D19}"
EndProject
Global
	GlobalSection(SolutionConfigurationPlatforms) = preSolution
		Debug|Any CPU = Debug|Any CPU
		Release|Any CPU = Release|Any CPU
	EndGlobalSection
	GlobalSection(ProjectConfigurationPlatforms) = postSolution
		{1858F976-7207-4373-97A9-9327E4F81D19}.Debug|Any CPU.ActiveCfg = Debug|Any CPU
		{1858F976-7207-4373-97A9-9327E4F81D19}.Debug|Any CPU.Build.0 = Debug|Any CPU
		{1858F976-7207-4373-97A9-9327E4F81D19}.Release|Any CPU.ActiveCfg = Release|Any CPU
		{1858F976-7207-4373-97A9-9327E4F81D19}.Release|Any CPU.Build.0 = Release|Any CPU
	EndGlobalSection
	GlobalSection(SolutionProperties) = preSolution
		HideSolutionNode = FALSE
	EndGlobalSection
EndGlobal
